{
  "name": "@react-keycloak-fork/web",
  "version": "4.0.3",
  "lockfileVersion": 3,
  "requires": true,
  "packages": {
    "": {
      "name": "@react-keycloak-fork/web",
      "version": "4.0.3",
      "license": "MIT",
      "dependencies": {
        "@babel/runtime": "^7.17.9",
        "@react-keycloak-fork/core": "file:../core",
        "hoist-non-react-statics": "^3.3.2"
      },
      "devDependencies": {
        "keycloak-js": "^26.2.0"
      },
      "funding": {
        "type": "patreon",
        "url": "https://www.patreon.com/reactkeycloak"
      },
      "peerDependencies": {
        "keycloak-js": ">=26.0.0",
        "react": ">=16.0",
        "react-dom": ">=16.0",
        "typescript": ">=3.8"
      },
      "peerDependenciesMeta": {
        "typescript": {
          "optional": true
        }
      }
    },
    "../core": {
      "name": "@react-keycloak-fork/core",
      "version": "4.0.3",
      "license": "MIT",
      "dependencies": {
        "react-fast-compare": "^3.2.0"
      },
      "funding": {
        "type": "patreon",
        "url": "https://www.patreon.com/reactkeycloak"
      },
      "peerDependencies": {
        "react": ">=16"
      }
    },
    "../core/node_modules/react": {
      "version": "19.1.0",
      "license": "MIT",
      "peer": true,
      "engines": {
        "node": ">=0.10.0"
      }
    },
    "../core/node_modules/react-fast-compare": {
      "version": "3.2.2",
      "license": "MIT"
    },
    "node_modules/@babel/runtime": {
      "version": "7.27.6",
      "license": "MIT",
      "engines": {
        "node": ">=6.9.0"
      }
    },
    "node_modules/@react-keycloak-fork/core": {
      "resolved": "../core",
      "link": true
    },
    "node_modules/hoist-non-react-statics": {
      "version": "3.3.2",
      "license": "BSD-3-Clause",
      "dependencies": {
        "react-is": "^16.7.0"
      }
    },
    "node_modules/keycloak-js": {
      "version": "26.2.0",
      "resolved": "https://registry.npmjs.org/keycloak-js/-/keycloak-js-26.2.0.tgz",
      "integrity": "sha512-CrFcXTN+d6J0V/1v3Zpioys6qHNWE6yUzVVIsCUAmFn9H14GZ0vuYod+lt+SSpMgWGPuneDZBSGBAeLBFuqjsw==",
      "dev": true
    },
    "node_modules/react": {
      "version": "19.1.0",
      "license": "MIT",
      "peer": true,
      "engines": {
        "node": ">=0.10.0"
      }
    },
    "node_modules/react-dom": {
      "version": "19.1.0",
      "license": "MIT",
      "peer": true,
      "dependencies": {
        "scheduler": "^0.26.0"
      },
      "peerDependencies": {
        "react": "^19.1.0"
      }
    },
    "node_modules/react-is": {
      "version": "16.13.1",
      "license": "MIT"
    },
    "node_modules/scheduler": {
      "version": "0.26.0",
      "license": "MIT",
      "peer": true
    }
  }
}
